
Microsoft Visual Studio Solution File, Format Version 12.00
# Visual Studio Version 17
VisualStudioVersion = 17.2.32630.192
MinimumVisualStudioVersion = 10.0.40219.1
Project("{FAE04EC0-301F-11D3-BF4B-00C04F79EFBC}") = "LangLearning", "LangLearning\LangLearning.csproj", "{A943B581-2A4E-4436-9A14-81B7BCBF2180}"
EndProject
Global
	GlobalSection(SolutionConfigurationPlatforms) = preSolution
		Debug|Any CPU = Debug|Any CPU
		Release|Any CPU = Release|Any CPU
	EndGlobalSection
	GlobalSection(ProjectConfigurationPlatforms) = postSolution
		{A943B581-2A4E-4436-9A14-81B7BCBF2180}.Debug|Any CPU.ActiveCfg = Debug|Any CPU
		{A943B581-2A4E-4436-9A14-81B7BCBF2180}.Debug|Any CPU.Build.0 = Debug|Any CPU
		{A943B581-2A4E-4436-9A14-81B7BCBF2180}.Release|Any CPU.ActiveCfg = Release|Any CPU
		{A943B581-2A4E-4436-9A14-81B7BCBF2180}.Release|Any CPU.Build.0 = Release|Any CPU
	EndGlobalSection
	GlobalSection(SolutionProperties) = preSolution
		HideSolutionNode = FALSE
	EndGlobalSection
	GlobalSection(ExtensibilityGlobals) = postSolution
		SolutionGuid = {CF3D1FA1-06CE-4D02-B95A-E4D378BE3D9E}
	EndGlobalSection
EndGlobal
